// !$*UTF8*$!
{
	archiveVersion = 1;
	classes = {
	};
	objectVersion = 46;
	objects = {

/* Begin PBXBuildFile section */
		3E59EC441DADC3B9009D1E06 /* main.m in Sources */ = {isa = PBXBuildFile; fileRef = 3E59EC431DADC3B9009D1E06 /* main.m */; };
		3E59EC471DADC3B9009D1E06 /* AppDelegate.m in Sources */ = {isa = PBXBuildFile; fileRef = 3E59EC461DADC3B9009D1E06 /* AppDelegate.m */; };
		3E59EC4A1DADC3B9009D1E06 /* ViewController.m in Sources */ = {isa = PBXBuildFile; fileRef = 3E59EC491DADC3B9009D1E06 /* ViewController.m */; };
		3E59EC4D1DADC3B9009D1E06 /* Main.storyboard in Resources */ = {isa = PBXBuildFile; fileRef = 3E59EC4B1DADC3B9009D1E06 /* Main.storyboard */; };
		3E59EC4F1DADC3B9009D1E06 /* Assets.xcassets in Resources */ = {isa = PBXBuildFile; fileRef = 3E59EC4E1DADC3B9009D1E06 /* Assets.xcassets */; };
		3E59EC521DADC3B9009D1E06 /* LaunchScreen.storyboard in Resources */ = {isa = PBXBuildFile; fileRef = 3E59EC501DADC3B9009D1E06 /* LaunchScreen.storyboard */; };
		3E59EC5D1DADC3BA009D1E06 /* topMenuTests.m in Sources */ = {isa = PBXBuildFile; fileRef = 3E59EC5C1DADC3BA009D1E06 /* topMenuTests.m */; };
		3E59EC681DADC3BA009D1E06 /* topMenuUITests.m in Sources */ = {isa = PBXBuildFile; fileRef = 3E59EC671DADC3BA009D1E06 /* topMenuUITests.m */; };
		3E59EC7A1DADC4E6009D1E06 /* SGTopScrollMenu.m in Sources */ = {isa = PBXBuildFile; fileRef = 3E59EC771DADC4E6009D1E06 /* SGTopScrollMenu.m */; };
		3E59EC7B1DADC4E6009D1E06 /* UIView+SGExtension.m in Sources */ = {isa = PBXBuildFile; fileRef = 3E59EC791DADC4E6009D1E06 /* UIView+SGExtension.m */; };
		3E59EC7E1DADC549009D1E06 /* FirstViewController.m in Sources */ = {isa = PBXBuildFile; fileRef = 3E59EC7D1DADC549009D1E06 /* FirstViewController.m */; };
		3E59EC811DADC56B009D1E06 /* SecondViewController.m in Sources */ = {isa = PBXBuildFile; fileRef = 3E59EC801DADC56B009D1E06 /* SecondViewController.m */; };
		3E59EC841DADC588009D1E06 /* ThirdViewController.m in Sources */ = {isa = PBXBuildFile; fileRef = 3E59EC831DADC588009D1E06 /* ThirdViewController.m */; };
		3E59EC871DADC594009D1E06 /* FourthViewController.m in Sources */ = {isa = PBXBuildFile; fileRef = 3E59EC861DADC594009D1E06 /* FourthViewController.m */; };
/* End PBXBuildFile section */

/* Begin PBXContainerItemProxy section */
		3E59EC591DADC3BA009D1E06 /* PBXContainerItemProxy */ = {
			isa = PBXContainerItemProxy;
			containerPortal = 3E59EC371DADC3B9009D1E06 /* Project object */;
			proxyType = 1;
			remoteGlobalIDString = 3E59EC3E1DADC3B9009D1E06;
			remoteInfo = topMenu;
		};
		3E59EC641DADC3BA009D1E06 /* PBXContainerItemProxy */ = {
			isa = PBXContainerItemProxy;
			containerPortal = 3E59EC371DADC3B9009D1E06 /* Project object */;
			proxyType = 1;
			remoteGlobalIDString = 3E59EC3E1DADC3B9009D1E06;
			remoteInfo = topMenu;
		};
/* End PBXContainerItemProxy section */

/* Begin PBXFileReference section */
		3E59EC3F1DADC3B9009D1E06 /* topMenu.app */ = {isa = PBXFileReference; explicitFileType = wrapper.application; includeInIndex = 0; path = topMenu.app; sourceTree = BUILT_PRODUCTS_DIR; };
		3E59EC431DADC3B9009D1E06 /* main.m */ = {isa = PBXFileReference; lastKnownFileType = sourcecode.c.objc; path = main.m; sourceTree = "<group>"; };
		3E59EC451DADC3B9009D1E06 /* AppDelegate.h */ = {isa = PBXFileReference; lastKnownFileType = sourcecode.c.h; path = AppDelegate.h; sourceTree = "<group>"; };
		3E59EC461DADC3B9009D1E06 /* AppDelegate.m */ = {isa = PBXFileReference; lastKnownFileType = sourcecode.c.objc; path = AppDelegate.m; sourceTree = "<group>"; };
		3E59EC481DADC3B9009D1E06 /* ViewController.h */ = {isa = PBXFileReference; lastKnownFileType = sourcecode.c.h; path = ViewController.h; sourceTree = "<group>"; };
		3E59EC491DADC3B9009D1E06 /* ViewController.m */ = {isa = PBXFileReference; lastKnownFileType = sourcecode.c.objc; path = ViewController.m; sourceTree = "<group>"; };
		3E59EC4C1DADC3B9009D1E06 /* Base */ = {isa = PBXFileReference; lastKnownFileType = file.storyboard; name = Base; path = Base.lproj/Main.storyboard; sourceTree = "<group>"; };
		3E59EC4E1DADC3B9009D1E06 /* Assets.xcassets */ = {isa = PBXFileReference; lastKnownFileType = folder.assetcatalog; path = Assets.xcassets; sourceTree = "<group>"; };
		3E59EC511DADC3B9009D1E06 /* Base */ = {isa = PBXFileReference; lastKnownFileType = file.storyboard; name = Base; path = Base.lproj/LaunchScreen.storyboard; sourceTree = "<group>"; };
		3E59EC531DADC3B9009D1E06 /* Info.plist */ = {isa = PBXFileReference; lastKnownFileType = text.plist.xml; path = Info.plist; sourceTree = "<group>"; };
		3E59EC581DADC3BA009D1E06 /* topMenuTests.xctest */ = {isa = PBXFileReference; explicitFileType = wrapper.cfbundle; includeInIndex = 0; path = topMenuTests.xctest; sourceTree = BUILT_PRODUCTS_DIR; };
		3E59EC5C1DADC3BA009D1E06 /* topMenuTests.m */ = {isa = PBXFileReference; lastKnownFileType = sourcecode.c.objc; path = topMenuTests.m; sourceTree = "<group>"; };
		3E59EC5E1DADC3BA009D1E06 /* Info.plist */ = {isa = PBXFileReference; lastKnownFileType = text.plist.xml; path = Info.plist; sourceTree = "<group>"; };
		3E59EC631DADC3BA009D1E06 /* topMenuUITests.xctest */ = {isa = PBXFileReference; explicitFileType = wrapper.cfbundle; includeInIndex = 0; path = topMenuUITests.xctest; sourceTree = BUILT_PRODUCTS_DIR; };
		3E59EC671DADC3BA009D1E06 /* topMenuUITests.m */ = {isa = PBXFileReference; lastKnownFileType = sourcecode.c.objc; path = topMenuUITests.m; sourceTree = "<group>"; };
		3E59EC691DADC3BA009D1E06 /* Info.plist */ = {isa = PBXFileReference; lastKnownFileType = text.plist.xml; path = Info.plist; sourceTree = "<group>"; };
		3E59EC761DADC4E6009D1E06 /* SGTopScrollMenu.h */ = {isa = PBXFileReference; fileEncoding = 4; lastKnownFileType = sourcecode.c.h; path = SGTopScrollMenu.h; sourceTree = "<group>"; };
		3E59EC771DADC4E6009D1E06 /* SGTopScrollMenu.m */ = {isa = PBXFileReference; fileEncoding = 4; lastKnownFileType = sourcecode.c.objc; path = SGTopScrollMenu.m; sourceTree = "<group>"; };
		3E59EC781DADC4E6009D1E06 /* UIView+SGExtension.h */ = {isa = PBXFileReference; fileEncoding = 4; lastKnownFileType = sourcecode.c.h; path = "UIView+SGExtension.h"; sourceTree = "<group>"; };
		3E59EC791DADC4E6009D1E06 /* UIView+SGExtension.m */ = {isa = PBXFileReference; fileEncoding = 4; lastKnownFileType = sourcecode.c.objc; path = "UIView+SGExtension.m"; sourceTree = "<group>"; };
		3E59EC7C1DADC549009D1E06 /* FirstViewController.h */ = {isa = PBXFileReference; fileEncoding = 4; lastKnownFileType = sourcecode.c.h; path = FirstViewController.h; sourceTree = "<group>"; };
		3E59EC7D1DADC549009D1E06 /* FirstViewController.m */ = {isa = PBXFileReference; fileEncoding = 4; lastKnownFileType = sourcecode.c.objc; path = FirstViewController.m; sourceTree = "<group>"; };
		3E59EC7F1DADC56B009D1E06 /* SecondViewController.h */ = {isa = PBXFileReference; fileEncoding = 4; lastKnownFileType = sourcecode.c.h; path = SecondViewController.h; sourceTree = "<group>"; };
		3E59EC801DADC56B009D1E06 /* SecondViewController.m */ = {isa = PBXFileReference; fileEncoding = 4; lastKnownFileType = sourcecode.c.objc; path = SecondViewController.m; sourceTree = "<group>"; };
		3E59EC821DADC588009D1E06 /* ThirdViewController.h */ = {isa = PBXFileReference; fileEncoding = 4; lastKnownFileType = sourcecode.c.h; path = ThirdViewController.h; sourceTree = "<group>"; };
		3E59EC831DADC588009D1E06 /* ThirdViewController.m */ = {isa = PBXFileReference; fileEncoding = 4; lastKnownFileType = sourcecode.c.objc; path = ThirdViewController.m; sourceTree = "<group>"; };
		3E59EC851DADC594009D1E06 /* FourthViewController.h */ = {isa = PBXFileReference; fileEncoding = 4; lastKnownFileType = sourcecode.c.h; path = FourthViewController.h; sourceTree = "<group>"; };
		3E59EC861DADC594009D1E06 /* FourthViewController.m */ = {isa = PBXFileReference; fileEncoding = 4; lastKnownFileType = sourcecode.c.objc; path = FourthViewController.m; sourceTree = "<group>"; };
/* End PBXFileReference section */

/* Begin PBXFrameworksBuildPhase section */
		3E59EC3C1DADC3B9009D1E06 /* Frameworks */ = {
			isa = PBXFrameworksBuildPhase;
			buildActionMask = 2147483647;
			files = (
			);
			runOnlyForDeploymentPostprocessing = 0;
		};
		3E59EC551DADC3BA009D1E06 /* Frameworks */ = {
			isa = PBXFrameworksBuildPhase;
			buildActionMask = 2147483647;
			files = (
			);
			runOnlyForDeploymentPostprocessing = 0;
		};
		3E59EC601DADC3BA009D1E06 /* Frameworks */ = {
			isa = PBXFrameworksBuildPhase;
			buildActionMask = 2147483647;
			files = (
			);
			runOnlyForDeploymentPostprocessing = 0;
		};
/* End PBXFrameworksBuildPhase section */

/* Begin PBXGroup section */
		3E59EC361DADC3B9009D1E06 = {
			isa = PBXGroup;
			children = (
				3E59EC411DADC3B9009D1E06 /* topMenu */,
				3E59EC5B1DADC3BA009D1E06 /* topMenuTests */,
				3E59EC661DADC3BA009D1E06 /* topMenuUITests */,
				3E59EC401DADC3B9009D1E06 /* Products */,
			);
			sourceTree = "<group>";
		};
		3E59EC401DADC3B9009D1E06 /* Products */ = {
			isa = PBXGroup;
			children = (
				3E59EC3F1DADC3B9009D1E06 /* topMenu.app */,
				3E59EC581DADC3BA009D1E06 /* topMenuTests.xctest */,
				3E59EC631DADC3BA009D1E06 /* topMenuUITests.xctest */,
			);
			name = Products;
			sourceTree = "<group>";
		};
		3E59EC411DADC3B9009D1E06 /* topMenu */ = {
			isa = PBXGroup;
			children = (
				3E59EC751DADC4E6009D1E06 /* SGTopScrollMenu */,
				3E59EC451DADC3B9009D1E06 /* AppDelegate.h */,
				3E59EC461DADC3B9009D1E06 /* AppDelegate.m */,
				3E59EC481DADC3B9009D1E06 /* ViewController.h */,
				3E59EC491DADC3B9009D1E06 /* ViewController.m */,
				3E59EC7C1DADC549009D1E06 /* FirstViewController.h */,
				3E59EC7D1DADC549009D1E06 /* FirstViewController.m */,
				3E59EC7F1DADC56B009D1E06 /* SecondViewController.h */,
				3E59EC801DADC56B009D1E06 /* SecondViewController.m */,
				3E59EC821DADC588009D1E06 /* ThirdViewController.h */,
				3E59EC831DADC588009D1E06 /* ThirdViewController.m */,
				3E59EC851DADC594009D1E06 /* FourthViewController.h */,
				3E59EC861DADC594009D1E06 /* FourthViewController.m */,
				3E59EC4B1DADC3B9009D1E06 /* Main.storyboard */,
				3E59EC4E1DADC3B9009D1E06 /* Assets.xcassets */,
				3E59EC501DADC3B9009D1E06 /* LaunchScreen.storyboard */,
				3E59EC531DADC3B9009D1E06 /* Info.plist */,
				3E59EC421DADC3B9009D1E06 /* Supporting Files */,
			);
			path = topMenu;
			sourceTree = "<group>";
		};
		3E59EC421DADC3B9009D1E06 /* Supporting Files */ = {
			isa = PBXGroup;
			children = (
				3E59EC431DADC3B9009D1E06 /* main.m */,
			);
			name = "Supporting Files";
			sourceTree = "<group>";
		};
		3E59EC5B1DADC3BA009D1E06 /* topMenuTests */ = {
			isa = PBXGroup;
			children = (
				3E59EC5C1DADC3BA009D1E06 /* topMenuTests.m */,
				3E59EC5E1DADC3BA009D1E06 /* Info.plist */,
			);
			path = topMenuTests;
			sourceTree = "<group>";
		};
		3E59EC661DADC3BA009D1E06 /* topMenuUITests */ = {
			isa = PBXGroup;
			children = (
				3E59EC671DADC3BA009D1E06 /* topMenuUITests.m */,
				3E59EC691DADC3BA009D1E06 /* Info.plist */,
			);
			path = topMenuUITests;
			sourceTree = "<group>";
		};
		3E59EC751DADC4E6009D1E06 /* SGTopScrollMenu */ = {
			isa = PBXGroup;
			children = (
				3E59EC761DADC4E6009D1E06 /* SGTopScrollMenu.h */,
				3E59EC771DADC4E6009D1E06 /* SGTopScrollMenu.m */,
				3E59EC781DADC4E6009D1E06 /* UIView+SGExtension.h */,
				3E59EC791DADC4E6009D1E06 /* UIView+SGExtension.m */,
			);
			path = SGTopScrollMenu;
			sourceTree = "<group>";
		};
/* End PBXGroup section */

/* Begin PBXNativeTarget section */
		3E59EC3E1DADC3B9009D1E06 /* topMenu */ = {
			isa = PBXNativeTarget;
			buildConfigurationList = 3E59EC6C1DADC3BA009D1E06 /* Build configuration list for PBXNativeTarget "topMenu" */;
			buildPhases = (
				3E59EC3B1DADC3B9009D1E06 /* Sources */,
				3E59EC3C1DADC3B9009D1E06 /* Frameworks */,
				3E59EC3D1DADC3B9009D1E06 /* Resources */,
			);
			buildRules = (
			);
			dependencies = (
			);
			name = topMenu;
			productName = topMenu;
			productReference = 3E59EC3F1DADC3B9009D1E06 /* topMenu.app */;
			productType = "com.apple.product-type.application";
		};
		3E59EC571DADC3BA009D1E06 /* topMenuTests */ = {
			isa = PBXNativeTarget;
			buildConfigurationList = 3E59EC6F1DADC3BA009D1E06 /* Build configuration list for PBXNativeTarget "topMenuTests" */;
			buildPhases = (
				3E59EC541DADC3BA009D1E06 /* Sources */,
				3E59EC551DADC3BA009D1E06 /* Frameworks */,
				3E59EC561DADC3BA009D1E06 /* Resources */,
			);
			buildRules = (
			);
			dependencies = (
				3E59EC5A1DADC3BA009D1E06 /* PBXTargetDependency */,
			);
			name = topMenuTests;
			productName = topMenuTests;
			productReference = 3E59EC581DADC3BA009D1E06 /* topMenuTests.xctest */;
			productType = "com.apple.product-type.bundle.unit-test";
		};
		3E59EC621DADC3BA009D1E06 /* topMenuUITests */ = {
			isa = PBXNativeTarget;
			buildConfigurationList = 3E59EC721DADC3BA009D1E06 /* Build configuration list for PBXNativeTarget "topMenuUITests" */;
			buildPhases = (
				3E59EC5F1DADC3BA009D1E06 /* Sources */,
				3E59EC601DADC3BA009D1E06 /* Frameworks */,
				3E59EC611DADC3BA009D1E06 /* Resources */,
			);
			buildRules = (
			);
			dependencies = (
				3E59EC651DADC3BA009D1E06 /* PBXTargetDependency */,
			);
			name = topMenuUITests;
			productName = topMenuUITests;
			productReference = 3E59EC631DADC3BA009D1E06 /* topMenuUITests.xctest */;
			productType = "com.apple.product-type.bundle.ui-testing";
		};
/* End PBXNativeTarget section */

/* Begin PBXProject section */
		3E59EC371DADC3B9009D1E06 /* Project object */ = {
			isa = PBXProject;
			attributes = {
				LastUpgradeCheck = 0730;
				ORGANIZATIONNAME = hengshuimofangkeji;
				TargetAttributes = {
					3E59EC3E1DADC3B9009D1E06 = {
						CreatedOnToolsVersion = 7.3.1;
					};
					3E59EC571DADC3BA009D1E06 = {
						CreatedOnToolsVersion = 7.3.1;
						TestTargetID = 3E59EC3E1DADC3B9009D1E06;
					};
					3E59EC621DADC3BA009D1E06 = {
						CreatedOnToolsVersion = 7.3.1;
						TestTargetID = 3E59EC3E1DADC3B9009D1E06;
					};
				};
			};
			buildConfigurationList = 3E59EC3A1DADC3B9009D1E06 /* Build configuration list for PBXProject "topMenu" */;
			compatibilityVersion = "Xcode 3.2";
			developmentRegion = English;
			hasScannedForEncodings = 0;
			knownRegions = (
				en,
				Base,
			);
			mainGroup = 3E59EC361DADC3B9009D1E06;
			productRefGroup = 3E59EC401DADC3B9009D1E06 /* Products */;
			projectDirPath = "";
			projectRoot = "";
			targets = (
				3E59EC3E1DADC3B9009D1E06 /* topMenu */,
				3E59EC571DADC3BA009D1E06 /* topMenuTests */,
				3E59EC621DADC3BA009D1E06 /* topMenuUITests */,
			);
		};
/* End PBXProject section */

/* Begin PBXResourcesBuildPhase section */
		3E59EC3D1DADC3B9009D1E06 /* Resources */ = {
			isa = PBXResourcesBuildPhase;
			buildActionMask = 2147483647;
			files = (
				3E59EC521DADC3B9009D1E06 /* LaunchScreen.storyboard in Resources */,
				3E59EC4F1DADC3B9009D1E06 /* Assets.xcassets in Resources */,
				3E59EC4D1DADC3B9009D1E06 /* Main.storyboard in Resources */,
			);
			runOnlyForDeploymentPostprocessing = 0;
		};
		3E59EC561DADC3BA009D1E06 /* Resources */ = {
			isa = PBXResourcesBuildPhase;
			buildActionMask = 2147483647;
			files = (
			);
			runOnlyForDeploymentPostprocessing = 0;
		};
		3E59EC611DADC3BA009D1E06 /* Resources */ = {
			isa = PBXResourcesBuildPhase;
			buildActionMask = 2147483647;
			files = (
			);
			runOnlyForDeploymentPostprocessing = 0;
		};
/* End PBXResourcesBuildPhase section */

/* Begin PBXSourcesBuildPhase section */
		3E59EC3B1DADC3B9009D1E06 /* Sources */ = {
			isa = PBXSourcesBuildPhase;
			buildActionMask = 2147483647;
			files = (
				3E59EC4A1DADC3B9009D1E06 /* ViewController.m in Sources */,
				3E59EC7E1DADC549009D1E06 /* FirstViewController.m in Sources */,
				3E59EC841DADC588009D1E06 /* ThirdViewController.m in Sources */,
				3E59EC7A1DADC4E6009D1E06 /* SGTopScrollMenu.m in Sources */,
				3E59EC811DADC56B009D1E06 /* SecondViewController.m in Sources */,
				3E59EC471DADC3B9009D1E06 /* AppDelegate.m in Sources */,
				3E59EC871DADC594009D1E06 /* FourthViewController.m in Sources */,
				3E59EC441DADC3B9009D1E06 /* main.m in Sources */,
				3E59EC7B1DADC4E6009D1E06 /* UIView+SGExtension.m in Sources */,
			);
			runOnlyForDeploymentPostprocessing = 0;
		};
		3E59EC541DADC3BA009D1E06 /* Sources */ = {
			isa = PBXSourcesBuildPhase;
			buildActionMask = 2147483647;
			files = (
				3E59EC5D1DADC3BA009D1E06 /* topMenuTests.m in Sources */,
			);
			runOnlyForDeploymentPostprocessing = 0;
		};
		3E59EC5F1DADC3BA009D1E06 /* Sources */ = {
			isa = PBXSourcesBuildPhase;
			buildActionMask = 2147483647;
			files = (
				3E59EC681DADC3BA009D1E06 /* topMenuUITests.m in Sources */,
			);
			runOnlyForDeploymentPostprocessing = 0;
		};
/* End PBXSourcesBuildPhase section */

/* Begin PBXTargetDependency section */
		3E59EC5A1DADC3BA009D1E06 /* PBXTargetDependency */ = {
			isa = PBXTargetDependency;
			target = 3E59EC3E1DADC3B9009D1E06 /* topMenu */;
			targetProxy = 3E59EC591DADC3BA009D1E06 /* PBXContainerItemProxy */;
		};
		3E59EC651DADC3BA009D1E06 /* PBXTargetDependency */ = {
			isa = PBXTargetDependency;
			target = 3E59EC3E1DADC3B9009D1E06 /* topMenu */;
			targetProxy = 3E59EC641DADC3BA009D1E06 /* PBXContainerItemProxy */;
		};
/* End PBXTargetDependency section */

/* Begin PBXVariantGroup section */
		3E59EC4B1DADC3B9009D1E06 /* Main.storyboard */ = {
			isa = PBXVariantGroup;
			children = (
				3E59EC4C1DADC3B9009D1E06 /* Base */,
			);
			name = Main.storyboard;
			sourceTree = "<group>";
		};
		3E59EC501DADC3B9009D1E06 /* LaunchScreen.storyboard */ = {
			isa = PBXVariantGroup;
			children = (
				3E59EC511DADC3B9009D1E06 /* Base */,
			);
			name = LaunchScreen.storyboard;
			sourceTree = "<group>";
		};
/* End PBXVariantGroup section */

/* Begin XCBuildConfiguration section */
		3E59EC6A1DADC3BA009D1E06 /* Debug */ = {
			isa = XCBuildConfiguration;
			buildSettings = {
				ALWAYS_SEARCH_USER_PATHS = NO;
				CLANG_ANALYZER_NONNULL = YES;
				CLANG_CXX_LANGUAGE_STANDARD = "gnu++0x";
				CLANG_CXX_LIBRARY = "libc++";
				CLANG_ENABLE_MODULES = YES;
				CLANG_ENABLE_OBJC_ARC = YES;
				CLANG_WARN_BOOL_CONVERSION = YES;
				CLANG_WARN_CONSTANT_CONVERSION = YES;
				CLANG_WARN_DIRECT_OBJC_ISA_USAGE = YES_ERROR;
				CLANG_WARN_EMPTY_BODY = YES;
				CLANG_WARN_ENUM_CONVERSION = YES;
				CLANG_WARN_INT_CONVERSION = YES;
				CLANG_WARN_OBJC_ROOT_CLASS = YES_ERROR;
				CLANG_WARN_UNREACHABLE_CODE = YES;
				CLANG_WARN__DUPLICATE_METHOD_MATCH = YES;
				"CODE_SIGN_IDENTITY[sdk=iphoneos*]" = "iPhone Developer";
				COPY_PHASE_STRIP = NO;
				DEBUG_INFORMATION_FORMAT = dwarf;
				ENABLE_STRICT_OBJC_MSGSEND = YES;
				ENABLE_TESTABILITY = YES;
				GCC_C_LANGUAGE_STANDARD = gnu99;
				GCC_DYNAMIC_NO_PIC = NO;
				GCC_NO_COMMON_BLOCKS = YES;
				GCC_OPTIMIZATION_LEVEL = 0;
				GCC_PREPROCESSOR_DEFINITIONS = (
					"DEBUG=1",
					"$(inherited)",
				);
				GCC_WARN_64_TO_32_BIT_CONVERSION = YES;
				GCC_WARN_ABOUT_RETURN_TYPE = YES_ERROR;
				GCC_WARN_UNDECLARED_SELECTOR = YES;
				GCC_WARN_UNINITIALIZED_AUTOS = YES_AGGRESSIVE;
				GCC_WARN_UNUSED_FUNCTION = YES;
				GCC_WARN_UNUSED_VARIABLE = YES;
				IPHONEOS_DEPLOYMENT_TARGET = 9.3;
				MTL_ENABLE_DEBUG_INFO = YES;
				ONLY_ACTIVE_ARCH = YES;
				SDKROOT = iphoneos;
				TARGETED_DEVICE_FAMILY = "1,2";
			};
			name = Debug;
		};
		3E59EC6B1DADC3BA009D1E06 /* Release */ = {
			isa = XCBuildConfiguration;
			buildSettings = {
				ALWAYS_SEARCH_USER_PATHS = NO;
				CLANG_ANALYZER_NONNULL = YES;
				CLANG_CXX_LANGUAGE_STANDARD = "gnu++0x";
				CLANG_CXX_LIBRARY = "libc++";
				CLANG_ENABLE_MODULES = YES;
				CLANG_ENABLE_OBJC_ARC = YES;
				CLANG_WARN_BOOL_CONVERSION = YES;
				CLANG_WARN_CONSTANT_CONVERSION = YES;
				CLANG_WARN_DIRECT_OBJC_ISA_USAGE = YES_ERROR;
				CLANG_WARN_EMPTY_BODY = YES;
				CLANG_WARN_ENUM_CONVERSION = YES;
				CLANG_WARN_INT_CONVERSION = YES;
				CLANG_WARN_OBJC_ROOT_CLASS = YES_ERROR;
				CLANG_WARN_UNREACHABLE_CODE = YES;
				CLANG_WARN__DUPLICATE_METHOD_MATCH = YES;
				"CODE_SIGN_IDENTITY[sdk=iphoneos*]" = "iPhone Developer";
				COPY_PHASE_STRIP = NO;
				DEBUG_INFORMATION_FORMAT = "dwarf-with-dsym";
				ENABLE_NS_ASSERTIONS = NO;
				ENABLE_STRICT_OBJC_MSGSEND = YES;
				GCC_C_LANGUAGE_STANDARD = gnu99;
				GCC_NO_COMMON_BLOCKS = YES;
				GCC_WARN_64_TO_32_BIT_CONVERSION = YES;
				GCC_WARN_ABOUT_RETURN_TYPE = YES_ERROR;
				GCC_WARN_UNDECLARED_SELECTOR = YES;
				GCC_WARN_UNINITIALIZED_AUTOS = YES_AGGRESSIVE;
				GCC_WARN_UNUSED_FUNCTION = YES;
				GCC_WARN_UNUSED_VARIABLE = YES;
				IPHONEOS_DEPLOYMENT_TARGET = 9.3;
				MTL_ENABLE_DEBUG_INFO = NO;
				SDKROOT = iphoneos;
				TARGETED_DEVICE_FAMILY = "1,2";
				VALIDATE_PRODUCT = YES;
			};
			name = Release;
		};
		3E59EC6D1DADC3BA009D1E06 /* Debug */ = {
			isa = XCBuildConfiguration;
			buildSettings = {
				ASSETCATALOG_COMPILER_APPICON_NAME = AppIcon;
				INFOPLIST_FILE = topMenu/Info.plist;
				LD_RUNPATH_SEARCH_PATHS = "$(inherited) @executable_path/Frameworks";
				PRODUCT_BUNDLE_IDENTIFIER = zjq.topMenu;
				PRODUCT_NAME = "$(TARGET_NAME)";
			};
			name = Debug;
		};
		3E59EC6E1DADC3BA009D1E06 /* Release */ = {
			isa = XCBuildConfiguration;
			buildSettings = {
				ASSETCATALOG_COMPILER_APPICON_NAME = AppIcon;
				INFOPLIST_FILE = topMenu/Info.plist;
				LD_RUNPATH_SEARCH_PATHS = "$(inherited) @executable_path/Frameworks";
				PRODUCT_BUNDLE_IDENTIFIER = zjq.topMenu;
				PRODUCT_NAME = "$(TARGET_NAME)";
			};
			name = Release;
		};
		3E59EC701DADC3BA009D1E06 /* Debug */ = {
			isa = XCBuildConfiguration;
			buildSettings = {
				BUNDLE_LOADER = "$(TEST_HOST)";
				INFOPLIST_FILE = topMenuTests/Info.plist;
				LD_RUNPATH_SEARCH_PATHS = "$(inherited) @executable_path/Frameworks @loader_path/Frameworks";
				PRODUCT_BUNDLE_IDENTIFIER = zjq.topMenuTests;
				PRODUCT_NAME = "$(TARGET_NAME)";
				TEST_HOST = "$(BUILT_PRODUCTS_DIR)/topMenu.app/topMenu";
			};
			name = Debug;
		};
		3E59EC711DADC3BA009D1E06 /* Release */ = {
			isa = XCBuildConfiguration;
			buildSettings = {
				BUNDLE_LOADER = "$(TEST_HOST)";
				INFOPLIST_FILE = topMenuTests/Info.plist;
				LD_RUNPATH_SEARCH_PATHS = "$(inherited) @executable_path/Frameworks @loader_path/Frameworks";
				PRODUCT_BUNDLE_IDENTIFIER = zjq.topMenuTests;
				PRODUCT_NAME = "$(TARGET_NAME)";
				TEST_HOST = "$(BUILT_PRODUCTS_DIR)/topMenu.app/topMenu";
			};
			name = Release;
		};
		3E59EC731DADC3BA009D1E06 /* Debug */ = {
			isa = XCBuildConfiguration;
			buildSettings = {
				INFOPLIST_FILE = topMenuUITests/Info.plist;
				LD_RUNPATH_SEARCH_PATHS = "$(inherited) @executable_path/Frameworks @loader_path/Frameworks";
				PRODUCT_BUNDLE_IDENTIFIER = zjq.topMenuUITests;
				PRODUCT_NAME = "$(TARGET_NAME)";
				TEST_TARGET_NAME = topMenu;
			};
			name = Debug;
		};
		3E59EC741DADC3BA009D1E06 /* Release */ = {
			isa = XCBuildConfiguration;
			buildSettings = {
				INFOPLIST_FILE = topMenuUITests/Info.plist;
				LD_RUNPATH_SEARCH_PATHS = "$(inherited) @executable_path/Frameworks @loader_path/Frameworks";
				PRODUCT_BUNDLE_IDENTIFIER = zjq.topMenuUITests;
				PRODUCT_NAME = "$(TARGET_NAME)";
				TEST_TARGET_NAME = topMenu;
			};
			name = Release;
		};
/* End XCBuildConfiguration section */

/* Begin XCConfigurationList section */
		3E59EC3A1DADC3B9009D1E06 /* Build configuration list for PBXProject "topMenu" */ = {
			isa = XCConfigurationList;
			buildConfigurations = (
				3E59EC6A1DADC3BA009D1E06 /* Debug */,
				3E59EC6B1DADC3BA009D1E06 /* Release */,
			);
			defaultConfigurationIsVisible = 0;
			defaultConfigurationName = Release;
		};
		3E59EC6C1DADC3BA009D1E06 /* Build configuration list for PBXNativeTarget "topMenu" */ = {
			isa = XCConfigurationList;
			buildConfigurations = (
				3E59EC6D1DADC3BA009D1E06 /* Debug */,
				3E59EC6E1DADC3BA009D1E06 /* Release */,
			);
			defaultConfigurationIsVisible = 0;
		};
		3E59EC6F1DADC3BA009D1E06 /* Build configuration list for PBXNativeTarget "topMenuTests" */ = {
			isa = XCConfigurationList;
			buildConfigurations = (
				3E59EC701DADC3BA009D1E06 /* Debug */,
				3E59EC711DADC3BA009D1E06 /* Release */,
			);
			defaultConfigurationIsVisible = 0;
		};
		3E59EC721DADC3BA009D1E06 /* Build configuration list for PBXNativeTarget "topMenuUITests" */ = {
			isa = XCConfigurationList;
			buildConfigurations = (
				3E59EC731DADC3BA009D1E06 /* Debug */,
				3E59EC741DADC3BA009D1E06 /* Release */,
			);
			defaultConfigurationIsVisible = 0;
		};
/* End XCConfigurationList section */
	};
	rootObject = 3E59EC371DADC3B9009D1E06 /* Project object */;
}
